
Microsoft Visual Studio Solution File, Format Version 12.00
# Visual Studio 15
VisualStudioVersion = 15.0.27130.2036
MinimumVisualStudioVersion = 10.0.40219.1
Project("{FAE04EC0-301F-11D3-BF4B-00C04F79EFBC}") = "GestionElectroniqueDeCourriers", "GestionElectroniqueDeCourriers\GestionElectroniqueDeCourriers.csproj", "{03BC2EDE-003F-475C-A74C-A005C33AE62D}"
EndProject
Global
	GlobalSection(SolutionConfigurationPlatforms) = preSolution
		Debug|Any CPU = Debug|Any CPU
		Release|Any CPU = Release|Any CPU
	EndGlobalSection
	GlobalSection(ProjectConfigurationPlatforms) = postSolution
		{03BC2EDE-003F-475C-A74C-A005C33AE62D}.Debug|Any CPU.ActiveCfg = Debug|Any CPU
		{03BC2EDE-003F-475C-A74C-A005C33AE62D}.Debug|Any CPU.Build.0 = Debug|Any CPU
		{03BC2EDE-003F-475C-A74C-A005C33AE62D}.Debug|Any CPU.Deploy.0 = Debug|Any CPU
		{03BC2EDE-003F-475C-A74C-A005C33AE62D}.Release|Any CPU.ActiveCfg = Release|Any CPU
		{03BC2EDE-003F-475C-A74C-A005C33AE62D}.Release|Any CPU.Build.0 = Release|Any CPU
		{03BC2EDE-003F-475C-A74C-A005C33AE62D}.Release|Any CPU.Deploy.0 = Release|Any CPU
	EndGlobalSection
	GlobalSection(SolutionProperties) = preSolution
		HideSolutionNode = FALSE
	EndGlobalSection
	GlobalSection(ExtensibilityGlobals) = postSolution
		SolutionGuid = {D9D63419-97D4-42BF-9377-90A0B946B722}
	EndGlobalSection
EndGlobal
